
Microsoft Visual Studio Solution File, Format Version 12.00
# Visual Studio Version 17
VisualStudioVersion = 17.0.31903.59
MinimumVisualStudioVersion = 10.0.40219.1
Project("{2150E333-8FDC-42A3-9474-1A3956D46DE8}") = "src", "src", "{827E0CD3-B72D-47B6-A68D-7590B98EB39B}"
EndProject
Project("{FAE04EC0-301F-11D3-BF4B-00C04F79EFBC}") = "Agribus.Core", "src\Agribus.Core\Agribus.Core.csproj", "{C602166C-B1B2-45D6-9439-DF4345309694}"
EndProject
Project("{2150E333-8FDC-42A3-9474-1A3956D46DE8}") = "tests", "tests", "{0AB3BF05-4346-4AA6-1389-037BE0695223}"
EndProject
Project("{FAE04EC0-301F-11D3-BF4B-00C04F79EFBC}") = "Agribus.Api", "src\Agribus.Api\Agribus.Api.csproj", "{07D3785C-2F81-4A62-BED8-331C80526723}"
EndProject
Project("{FAE04EC0-301F-11D3-BF4B-00C04F79EFBC}") = "Agribus.InfluxDB", "src\Agribus.InfluxDB\Agribus.InfluxDB.csproj", "{362BF5F7-C687-4A09-B07C-EFC138A44395}"
EndProject
Project("{FAE04EC0-301F-11D3-BF4B-00C04F79EFBC}") = "Agribus.UnitTests", "tests\Agribus.UnitTests\Agribus.UnitTests.csproj", "{F608E0B6-EA8A-410D-AFBC-39F82E52013D}"
EndProject
Project("{FAE04EC0-301F-11D3-BF4B-00C04F79EFBC}") = "Agribus.Application", "src\Agribus.Application\Agribus.Application.csproj", "{3D5A6345-4FD6-415B-AC7E-F259F24C8809}"
EndProject
Global
	GlobalSection(SolutionConfigurationPlatforms) = preSolution
		Debug|Any CPU = Debug|Any CPU
		Debug|x64 = Debug|x64
		Debug|x86 = Debug|x86
		Release|Any CPU = Release|Any CPU
		Release|x64 = Release|x64
		Release|x86 = Release|x86
	EndGlobalSection
	GlobalSection(ProjectConfigurationPlatforms) = postSolution
		{C602166C-B1B2-45D6-9439-DF4345309694}.Debug|Any CPU.ActiveCfg = Debug|Any CPU
		{C602166C-B1B2-45D6-9439-DF4345309694}.Debug|Any CPU.Build.0 = Debug|Any CPU
		{C602166C-B1B2-45D6-9439-DF4345309694}.Debug|x64.ActiveCfg = Debug|Any CPU
		{C602166C-B1B2-45D6-9439-DF4345309694}.Debug|x64.Build.0 = Debug|Any CPU
		{C602166C-B1B2-45D6-9439-DF4345309694}.Debug|x86.ActiveCfg = Debug|Any CPU
		{C602166C-B1B2-45D6-9439-DF4345309694}.Debug|x86.Build.0 = Debug|Any CPU
		{C602166C-B1B2-45D6-9439-DF4345309694}.Release|Any CPU.ActiveCfg = Release|Any CPU
		{C602166C-B1B2-45D6-9439-DF4345309694}.Release|Any CPU.Build.0 = Release|Any CPU
		{C602166C-B1B2-45D6-9439-DF4345309694}.Release|x64.ActiveCfg = Release|Any CPU
		{C602166C-B1B2-45D6-9439-DF4345309694}.Release|x64.Build.0 = Release|Any CPU
		{C602166C-B1B2-45D6-9439-DF4345309694}.Release|x86.ActiveCfg = Release|Any CPU
		{C602166C-B1B2-45D6-9439-DF4345309694}.Release|x86.Build.0 = Release|Any CPU
		{07D3785C-2F81-4A62-BED8-331C80526723}.Debug|Any CPU.ActiveCfg = Debug|Any CPU
		{07D3785C-2F81-4A62-BED8-331C80526723}.Debug|Any CPU.Build.0 = Debug|Any CPU
		{07D3785C-2F81-4A62-BED8-331C80526723}.Debug|x64.ActiveCfg = Debug|Any CPU
		{07D3785C-2F81-4A62-BED8-331C80526723}.Debug|x64.Build.0 = Debug|Any CPU
		{07D3785C-2F81-4A62-BED8-331C80526723}.Debug|x86.ActiveCfg = Debug|Any CPU
		{07D3785C-2F81-4A62-BED8-331C80526723}.Debug|x86.Build.0 = Debug|Any CPU
		{07D3785C-2F81-4A62-BED8-331C80526723}.Release|Any CPU.ActiveCfg = Release|Any CPU
		{07D3785C-2F81-4A62-BED8-331C80526723}.Release|Any CPU.Build.0 = Release|Any CPU
		{07D3785C-2F81-4A62-BED8-331C80526723}.Release|x64.ActiveCfg = Release|Any CPU
		{07D3785C-2F81-4A62-BED8-331C80526723}.Release|x64.Build.0 = Release|Any CPU
		{07D3785C-2F81-4A62-BED8-331C80526723}.Release|x86.ActiveCfg = Release|Any CPU
		{07D3785C-2F81-4A62-BED8-331C80526723}.Release|x86.Build.0 = Release|Any CPU
		{362BF5F7-C687-4A09-B07C-EFC138A44395}.Debug|Any CPU.ActiveCfg = Debug|Any CPU
		{362BF5F7-C687-4A09-B07C-EFC138A44395}.Debug|Any CPU.Build.0 = Debug|Any CPU
		{362BF5F7-C687-4A09-B07C-EFC138A44395}.Debug|x64.ActiveCfg = Debug|Any CPU
		{362BF5F7-C687-4A09-B07C-EFC138A44395}.Debug|x64.Build.0 = Debug|Any CPU
		{362BF5F7-C687-4A09-B07C-EFC138A44395}.Debug|x86.ActiveCfg = Debug|Any CPU
		{362BF5F7-C687-4A09-B07C-EFC138A44395}.Debug|x86.Build.0 = Debug|Any CPU
		{362BF5F7-C687-4A09-B07C-EFC138A44395}.Release|Any CPU.ActiveCfg = Release|Any CPU
		{362BF5F7-C687-4A09-B07C-EFC138A44395}.Release|Any CPU.Build.0 = Release|Any CPU
		{362BF5F7-C687-4A09-B07C-EFC138A44395}.Release|x64.ActiveCfg = Release|Any CPU
		{362BF5F7-C687-4A09-B07C-EFC138A44395}.Release|x64.Build.0 = Release|Any CPU
		{362BF5F7-C687-4A09-B07C-EFC138A44395}.Release|x86.ActiveCfg = Release|Any CPU
		{362BF5F7-C687-4A09-B07C-EFC138A44395}.Release|x86.Build.0 = Release|Any CPU
		{F608E0B6-EA8A-410D-AFBC-39F82E52013D}.Debug|Any CPU.ActiveCfg = Debug|Any CPU
		{F608E0B6-EA8A-410D-AFBC-39F82E52013D}.Debug|Any CPU.Build.0 = Debug|Any CPU
		{F608E0B6-EA8A-410D-AFBC-39F82E52013D}.Debug|x64.ActiveCfg = Debug|Any CPU
		{F608E0B6-EA8A-410D-AFBC-39F82E52013D}.Debug|x64.Build.0 = Debug|Any CPU
		{F608E0B6-EA8A-410D-AFBC-39F82E52013D}.Debug|x86.ActiveCfg = Debug|Any CPU
		{F608E0B6-EA8A-410D-AFBC-39F82E52013D}.Debug|x86.Build.0 = Debug|Any CPU
		{F608E0B6-EA8A-410D-AFBC-39F82E52013D}.Release|Any CPU.ActiveCfg = Release|Any CPU
		{F608E0B6-EA8A-410D-AFBC-39F82E52013D}.Release|Any CPU.Build.0 = Release|Any CPU
		{F608E0B6-EA8A-410D-AFBC-39F82E52013D}.Release|x64.ActiveCfg = Release|Any CPU
		{F608E0B6-EA8A-410D-AFBC-39F82E52013D}.Release|x64.Build.0 = Release|Any CPU
		{F608E0B6-EA8A-410D-AFBC-39F82E52013D}.Release|x86.ActiveCfg = Release|Any CPU
		{F608E0B6-EA8A-410D-AFBC-39F82E52013D}.Release|x86.Build.0 = Release|Any CPU
		{3D5A6345-4FD6-415B-AC7E-F259F24C8809}.Debug|Any CPU.ActiveCfg = Debug|Any CPU
		{3D5A6345-4FD6-415B-AC7E-F259F24C8809}.Debug|Any CPU.Build.0 = Debug|Any CPU
		{3D5A6345-4FD6-415B-AC7E-F259F24C8809}.Debug|x64.ActiveCfg = Debug|Any CPU
		{3D5A6345-4FD6-415B-AC7E-F259F24C8809}.Debug|x64.Build.0 = Debug|Any CPU
		{3D5A6345-4FD6-415B-AC7E-F259F24C8809}.Debug|x86.ActiveCfg = Debug|Any CPU
		{3D5A6345-4FD6-415B-AC7E-F259F24C8809}.Debug|x86.Build.0 = Debug|Any CPU
		{3D5A6345-4FD6-415B-AC7E-F259F24C8809}.Release|Any CPU.ActiveCfg = Release|Any CPU
		{3D5A6345-4FD6-415B-AC7E-F259F24C8809}.Release|Any CPU.Build.0 = Release|Any CPU
		{3D5A6345-4FD6-415B-AC7E-F259F24C8809}.Release|x64.ActiveCfg = Release|Any CPU
		{3D5A6345-4FD6-415B-AC7E-F259F24C8809}.Release|x64.Build.0 = Release|Any CPU
		{3D5A6345-4FD6-415B-AC7E-F259F24C8809}.Release|x86.ActiveCfg = Release|Any CPU
		{3D5A6345-4FD6-415B-AC7E-F259F24C8809}.Release|x86.Build.0 = Release|Any CPU
	EndGlobalSection
	GlobalSection(SolutionProperties) = preSolution
		HideSolutionNode = FALSE
	EndGlobalSection
	GlobalSection(NestedProjects) = preSolution
		{C602166C-B1B2-45D6-9439-DF4345309694} = {827E0CD3-B72D-47B6-A68D-7590B98EB39B}
		{07D3785C-2F81-4A62-BED8-331C80526723} = {827E0CD3-B72D-47B6-A68D-7590B98EB39B}
		{362BF5F7-C687-4A09-B07C-EFC138A44395} = {827E0CD3-B72D-47B6-A68D-7590B98EB39B}
		{F608E0B6-EA8A-410D-AFBC-39F82E52013D} = {0AB3BF05-4346-4AA6-1389-037BE0695223}
		{3D5A6345-4FD6-415B-AC7E-F259F24C8809} = {827E0CD3-B72D-47B6-A68D-7590B98EB39B}
	EndGlobalSection
EndGlobal
